
Microsoft Visual Studio Solution File, Format Version 12.00
# Visual Studio Version 17
VisualStudioVersion = 17.7.34009.444
MinimumVisualStudioVersion = 10.0.40219.1
Project("{FAE04EC0-301F-11D3-BF4B-00C04F79EFBC}") = "CAR_RENTAL", "CAR_RENTAL\CAR_RENTAL.csproj", "{EB1415E5-629F-4EA5-B993-D29937391E93}"
EndProject
Global
	GlobalSection(SolutionConfigurationPlatforms) = preSolution
		Debug|Any CPU = Debug|Any CPU
		Release|Any CPU = Release|Any CPU
	EndGlobalSection
	GlobalSection(ProjectConfigurationPlatforms) = postSolution
		{EB1415E5-629F-4EA5-B993-D29937391E93}.Debug|Any CPU.ActiveCfg = Debug|Any CPU
		{EB1415E5-629F-4EA5-B993-D29937391E93}.Debug|Any CPU.Build.0 = Debug|Any CPU
		{EB1415E5-629F-4EA5-B993-D29937391E93}.Release|Any CPU.ActiveCfg = Release|Any CPU
		{EB1415E5-629F-4EA5-B993-D29937391E93}.Release|Any CPU.Build.0 = Release|Any CPU
	EndGlobalSection
	GlobalSection(SolutionProperties) = preSolution
		HideSolutionNode = FALSE
	EndGlobalSection
	GlobalSection(ExtensibilityGlobals) = postSolution
		SolutionGuid = {E4757125-10AC-4786-A288-6E0B681DC4C6}
	EndGlobalSection
EndGlobal
